
Microsoft Visual Studio Solution File, Format Version 12.00
# Visual Studio 15
VisualStudioVersion = 15.0.28307.329
MinimumVisualStudioVersion = 10.0.40219.1
Project("{FAE04EC0-301F-11D3-BF4B-00C04F79EFBC}") = "Windupscaler", "Windupscaler\Windupscaler.csproj", "{7BF22AFC-F28A-4DAD-BAE6-86A3721D0838}"
EndProject
Global
	GlobalSection(SolutionConfigurationPlatforms) = preSolution
		Debug|Any CPU = Debug|Any CPU
		Release|Any CPU = Release|Any CPU
	EndGlobalSection
	GlobalSection(ProjectConfigurationPlatforms) = postSolution
		{7BF22AFC-F28A-4DAD-BAE6-86A3721D0838}.Debug|Any CPU.ActiveCfg = Debug|Any CPU
		{7BF22AFC-F28A-4DAD-BAE6-86A3721D0838}.Debug|Any CPU.Build.0 = Debug|Any CPU
		{7BF22AFC-F28A-4DAD-BAE6-86A3721D0838}.Release|Any CPU.ActiveCfg = Release|Any CPU
		{7BF22AFC-F28A-4DAD-BAE6-86A3721D0838}.Release|Any CPU.Build.0 = Release|Any CPU
	EndGlobalSection
	GlobalSection(SolutionProperties) = preSolution
		HideSolutionNode = FALSE
	EndGlobalSection
	GlobalSection(ExtensibilityGlobals) = postSolution
		SolutionGuid = {5DA75A28-C6AD-4E5C-BAC3-1CC03C9B55FE}
	EndGlobalSection
EndGlobal
